
Microsoft Visual Studio Solution File, Format Version 12.00
# Visual Studio Version 17
VisualStudioVersion = 17.13.35913.81 d17.13
MinimumVisualStudioVersion = 10.0.40219.1
Project("{FAE04EC0-301F-11D3-BF4B-00C04F79EFBC}") = "ReadTrack.Api", "ReadTrack.Api\ReadTrack.Api.csproj", "{3D5C6E60-E0A1-4393-8C2D-A7F91276C0CB}"
EndProject
Project("{FAE04EC0-301F-11D3-BF4B-00C04F79EFBC}") = "ReadTrack.Contracts", "ReadTrack.Contracts\ReadTrack.Contracts.csproj", "{73585B23-9206-4280-89EE-F3B7AF05D59B}"
EndProject
Project("{FAE04EC0-301F-11D3-BF4B-00C04F79EFBC}") = "ReadTrack.LoggerService", "ReadTrack.LoggerService\ReadTrack.LoggerService.csproj", "{DC80D41B-BEB5-481A-ABD3-A4FF6D52CC44}"
EndProject
Project("{FAE04EC0-301F-11D3-BF4B-00C04F79EFBC}") = "ReadTrack.Entities", "ReadTrack.Entities\ReadTrack.Entities.csproj", "{AC2BB749-F7CC-4E2E-A10D-6BBAB81EB637}"
EndProject
Project("{FAE04EC0-301F-11D3-BF4B-00C04F79EFBC}") = "ReadTrack.Repository", "ReadTrack.Repository\ReadTrack.Repository.csproj", "{F460775A-405E-4D5B-982C-CC96057D46A0}"
EndProject
Project("{FAE04EC0-301F-11D3-BF4B-00C04F79EFBC}") = "ReadTrack.Service.Contracts", "ReadTrack.Service.Contracts\ReadTrack.Service.Contracts.csproj", "{201CA4E3-7B72-41D2-A7F8-4AE1C6865C34}"
EndProject
Project("{FAE04EC0-301F-11D3-BF4B-00C04F79EFBC}") = "ReadTrack.Service", "ReadTrack.Service\ReadTrack.Service.csproj", "{3DD9436C-CC89-4EB8-AA7D-648C87B5D184}"
EndProject
Global
	GlobalSection(SolutionConfigurationPlatforms) = preSolution
		Debug|Any CPU = Debug|Any CPU
		Release|Any CPU = Release|Any CPU
	EndGlobalSection
	GlobalSection(ProjectConfigurationPlatforms) = postSolution
		{3D5C6E60-E0A1-4393-8C2D-A7F91276C0CB}.Debug|Any CPU.ActiveCfg = Debug|Any CPU
		{3D5C6E60-E0A1-4393-8C2D-A7F91276C0CB}.Debug|Any CPU.Build.0 = Debug|Any CPU
		{3D5C6E60-E0A1-4393-8C2D-A7F91276C0CB}.Release|Any CPU.ActiveCfg = Release|Any CPU
		{3D5C6E60-E0A1-4393-8C2D-A7F91276C0CB}.Release|Any CPU.Build.0 = Release|Any CPU
		{73585B23-9206-4280-89EE-F3B7AF05D59B}.Debug|Any CPU.ActiveCfg = Debug|Any CPU
		{73585B23-9206-4280-89EE-F3B7AF05D59B}.Debug|Any CPU.Build.0 = Debug|Any CPU
		{73585B23-9206-4280-89EE-F3B7AF05D59B}.Release|Any CPU.ActiveCfg = Release|Any CPU
		{73585B23-9206-4280-89EE-F3B7AF05D59B}.Release|Any CPU.Build.0 = Release|Any CPU
		{DC80D41B-BEB5-481A-ABD3-A4FF6D52CC44}.Debug|Any CPU.ActiveCfg = Debug|Any CPU
		{DC80D41B-BEB5-481A-ABD3-A4FF6D52CC44}.Debug|Any CPU.Build.0 = Debug|Any CPU
		{DC80D41B-BEB5-481A-ABD3-A4FF6D52CC44}.Release|Any CPU.ActiveCfg = Release|Any CPU
		{DC80D41B-BEB5-481A-ABD3-A4FF6D52CC44}.Release|Any CPU.Build.0 = Release|Any CPU
		{AC2BB749-F7CC-4E2E-A10D-6BBAB81EB637}.Debug|Any CPU.ActiveCfg = Debug|Any CPU
		{AC2BB749-F7CC-4E2E-A10D-6BBAB81EB637}.Debug|Any CPU.Build.0 = Debug|Any CPU
		{AC2BB749-F7CC-4E2E-A10D-6BBAB81EB637}.Release|Any CPU.ActiveCfg = Release|Any CPU
		{AC2BB749-F7CC-4E2E-A10D-6BBAB81EB637}.Release|Any CPU.Build.0 = Release|Any CPU
		{F460775A-405E-4D5B-982C-CC96057D46A0}.Debug|Any CPU.ActiveCfg = Debug|Any CPU
		{F460775A-405E-4D5B-982C-CC96057D46A0}.Debug|Any CPU.Build.0 = Debug|Any CPU
		{F460775A-405E-4D5B-982C-CC96057D46A0}.Release|Any CPU.ActiveCfg = Release|Any CPU
		{F460775A-405E-4D5B-982C-CC96057D46A0}.Release|Any CPU.Build.0 = Release|Any CPU
		{201CA4E3-7B72-41D2-A7F8-4AE1C6865C34}.Debug|Any CPU.ActiveCfg = Debug|Any CPU
		{201CA4E3-7B72-41D2-A7F8-4AE1C6865C34}.Debug|Any CPU.Build.0 = Debug|Any CPU
		{201CA4E3-7B72-41D2-A7F8-4AE1C6865C34}.Release|Any CPU.ActiveCfg = Release|Any CPU
		{201CA4E3-7B72-41D2-A7F8-4AE1C6865C34}.Release|Any CPU.Build.0 = Release|Any CPU
		{3DD9436C-CC89-4EB8-AA7D-648C87B5D184}.Debug|Any CPU.ActiveCfg = Debug|Any CPU
		{3DD9436C-CC89-4EB8-AA7D-648C87B5D184}.Debug|Any CPU.Build.0 = Debug|Any CPU
		{3DD9436C-CC89-4EB8-AA7D-648C87B5D184}.Release|Any CPU.ActiveCfg = Release|Any CPU
		{3DD9436C-CC89-4EB8-AA7D-648C87B5D184}.Release|Any CPU.Build.0 = Release|Any CPU
	EndGlobalSection
	GlobalSection(SolutionProperties) = preSolution
		HideSolutionNode = FALSE
	EndGlobalSection
	GlobalSection(ExtensibilityGlobals) = postSolution
		SolutionGuid = {8B84A25E-4960-44BE-8311-261C60E96E5E}
	EndGlobalSection
EndGlobal
